
Microsoft Visual Studio Solution File, Format Version 12.00
# Visual Studio Version 16
VisualStudioVersion = 16.0.30204.135
MinimumVisualStudioVersion = 10.0.40219.1
Project("{9A19103F-16F7-4668-BE54-9A1E7A4F7556}") = "Singleton", "Singleton\Singleton.csproj", "{F7B818BF-FB9F-48A6-A450-4A9E55183859}"
EndProject
Project("{9A19103F-16F7-4668-BE54-9A1E7A4F7556}") = "FactoryDesignPattern", "FactoryDesignPattern\FactoryDesignPattern.csproj", "{E64F852B-EF6A-4277-9D90-52FA2BAFCA8C}"
EndProject
Project("{FAE04EC0-301F-11D3-BF4B-00C04F79EFBC}") = "ConsoleApp1", "ConsoleApp1\ConsoleApp1.csproj", "{A9132317-0C7C-452C-A5B8-315CBDEFDB90}"
EndProject
Global
	GlobalSection(SolutionConfigurationPlatforms) = preSolution
		Debug|Any CPU = Debug|Any CPU
		Release|Any CPU = Release|Any CPU
	EndGlobalSection
	GlobalSection(ProjectConfigurationPlatforms) = postSolution
		{F7B818BF-FB9F-48A6-A450-4A9E55183859}.Debug|Any CPU.ActiveCfg = Debug|Any CPU
		{F7B818BF-FB9F-48A6-A450-4A9E55183859}.Debug|Any CPU.Build.0 = Debug|Any CPU
		{F7B818BF-FB9F-48A6-A450-4A9E55183859}.Release|Any CPU.ActiveCfg = Release|Any CPU
		{F7B818BF-FB9F-48A6-A450-4A9E55183859}.Release|Any CPU.Build.0 = Release|Any CPU
		{E64F852B-EF6A-4277-9D90-52FA2BAFCA8C}.Debug|Any CPU.ActiveCfg = Debug|Any CPU
		{E64F852B-EF6A-4277-9D90-52FA2BAFCA8C}.Debug|Any CPU.Build.0 = Debug|Any CPU
		{E64F852B-EF6A-4277-9D90-52FA2BAFCA8C}.Release|Any CPU.ActiveCfg = Release|Any CPU
		{E64F852B-EF6A-4277-9D90-52FA2BAFCA8C}.Release|Any CPU.Build.0 = Release|Any CPU
		{A9132317-0C7C-452C-A5B8-315CBDEFDB90}.Debug|Any CPU.ActiveCfg = Debug|Any CPU
		{A9132317-0C7C-452C-A5B8-315CBDEFDB90}.Debug|Any CPU.Build.0 = Debug|Any CPU
		{A9132317-0C7C-452C-A5B8-315CBDEFDB90}.Release|Any CPU.ActiveCfg = Release|Any CPU
		{A9132317-0C7C-452C-A5B8-315CBDEFDB90}.Release|Any CPU.Build.0 = Release|Any CPU
	EndGlobalSection
	GlobalSection(SolutionProperties) = preSolution
		HideSolutionNode = FALSE
	EndGlobalSection
	GlobalSection(ExtensibilityGlobals) = postSolution
		SolutionGuid = {F7C00F88-6D83-40CB-97B8-9AE2205C475C}
	EndGlobalSection
EndGlobal
